
Microsoft Visual Studio Solution File, Format Version 12.00
# Visual Studio 15
VisualStudioVersion = 15.0.27703.2018
MinimumVisualStudioVersion = 10.0.40219.1
Project("{2150E333-8FDC-42A3-9474-1A3956D46DE8}") = "Solution Items", "Solution Items", "{5DBCA351-2216-42CD-97B5-3A19F8826AB6}"
EndProject
Project("{2150E333-8FDC-42A3-9474-1A3956D46DE8}") = "Chapter02_HTML5 태그 기본", "Chapter02_HTML5 태그 기본", "{6F7E301B-65E4-492C-B6FF-3FD889034207}"
	ProjectSection(SolutionItems) = preProject
		HTMLPage01.html = HTMLPage01.html
		HTMLPage02.html = HTMLPage02.html
		HTMLPage03.html = HTMLPage03.html
		HTMLPage04.html = HTMLPage04.html
		HTMLPage05.html = HTMLPage05.html
		HTMLPage06.html = HTMLPage06.html
		HTMLPage07.html = HTMLPage07.html
		HTMLPage08.html = HTMLPage08.html
		HTMLPage09.html = HTMLPage09.html
		HTMLPage10.html = HTMLPage10.html
		HTMLPage11.html = HTMLPage11.html
		HTMLPage12.html = HTMLPage12.html
		HTMLPage13.html = HTMLPage13.html
		HTMLPage14.html = HTMLPage14.html
		HTMLPage15.html = HTMLPage15.html
		HTMLPage16.html = HTMLPage16.html
		HTMLPage17.html = HTMLPage17.html
		HTMLPage18.html = HTMLPage18.html
		HTMLPage19.html = HTMLPage19.html
		HTMLPage20.html = HTMLPage20.html
		HTMLPage21.html = HTMLPage21.html
		HTMLPage22.html = HTMLPage22.html
		HTMLPage23.html = HTMLPage23.html
		HTMLPage24.html = HTMLPage24.html
		HTMLPage25.html = HTMLPage25.html
		HTMLPage26.html = HTMLPage26.html
		HTMLPage27.html = HTMLPage27.html
		HTMLPage28.html = HTMLPage28.html
		HTMLPage29.html = HTMLPage29.html
		HTMLPage30.html = HTMLPage30.html
		HTMLPage31.html = HTMLPage31.html
		HTMLPage32.html = HTMLPage32.html
	EndProjectSection
EndProject
Project("{2150E333-8FDC-42A3-9474-1A3956D46DE8}") = "Chapter03_CSS3 선택자 기본", "Chapter03_CSS3 선택자 기본", "{89BE7052-2211-41B6-A2DD-E93FDE96B004}"
	ProjectSection(SolutionItems) = preProject
		HTMLPage33.html = HTMLPage33.html
		HTMLPage34.html = HTMLPage34.html
		HTMLPage35.html = HTMLPage35.html
		HTMLPage36.html = HTMLPage36.html
		HTMLPage37.html = HTMLPage37.html
		HTMLPage38.html = HTMLPage38.html
		HTMLPage39.html = HTMLPage39.html
		HTMLPage40.html = HTMLPage40.html
		HTMLPage41.html = HTMLPage41.html
		HTMLPage42.html = HTMLPage42.html
		HTMLPage43.html = HTMLPage43.html
		HTMLPage44.html = HTMLPage44.html
		HTMLPage45.html = HTMLPage45.html
		HTMLPage46.html = HTMLPage46.html
		HTMLPage47.html = HTMLPage47.html
		HTMLPage48.html = HTMLPage48.html
		HTMLPage49.html = HTMLPage49.html
		HTMLPage50.html = HTMLPage50.html
		HTMLPage51.html = HTMLPage51.html
		HTMLPage52.html = HTMLPage52.html
		HTMLPage53.html = HTMLPage53.html
		HTMLPage54.html = HTMLPage54.html
		HTMLPage55.html = HTMLPage55.html
		HTMLPage56.html = HTMLPage56.html
		HTMLPage57.html = HTMLPage57.html
		HTMLPage58.html = HTMLPage58.html
		HTMLPage59.html = HTMLPage59.html
	EndProjectSection
EndProject
Project("{2150E333-8FDC-42A3-9474-1A3956D46DE8}") = "Chapter04_CSS3 스타일 속성 기본", "Chapter04_CSS3 스타일 속성 기본", "{C6597F4A-F356-410B-8B9C-0FE965EACD6E}"
	ProjectSection(SolutionItems) = preProject
		HTMLPage60.html = HTMLPage60.html
		HTMLPage61.html = HTMLPage61.html
		HTMLPage62.html = HTMLPage62.html
		HTMLPage63.html = HTMLPage63.html
		HTMLPage64.html = HTMLPage64.html
		HTMLPage65.html = HTMLPage65.html
		HTMLPage66.html = HTMLPage66.html
		HTMLPage67.html = HTMLPage67.html
		HTMLPage68.html = HTMLPage68.html
		HTMLPage69.html = HTMLPage69.html
		HTMLPage70.html = HTMLPage70.html
		HTMLPage71.html = HTMLPage71.html
		HTMLPage72.html = HTMLPage72.html
		HTMLPage73.html = HTMLPage73.html
		HTMLPage74.html = HTMLPage74.html
		HTMLPage75.html = HTMLPage75.html
		HTMLPage76.html = HTMLPage76.html
		HTMLPage77.html = HTMLPage77.html
		HTMLPage78.html = HTMLPage78.html
		HTMLPage79.html = HTMLPage79.html
		HTMLPage80.html = HTMLPage80.html
		HTMLPage81.html = HTMLPage81.html
		HTMLPage82.html = HTMLPage82.html
		HTMLPage83.html = HTMLPage83.html
		HTMLPage84.html = HTMLPage84.html
		HTMLPage85.html = HTMLPage85.html
		HTMLPage86.html = HTMLPage86.html
		HTMLPage87.html = HTMLPage87.html
	EndProjectSection
EndProject
Project("{2150E333-8FDC-42A3-9474-1A3956D46DE8}") = "Chapter05_웹페이지 레이아웃", "Chapter05_웹페이지 레이아웃", "{17DD2581-DD66-420E-AEF7-44666B862F21}"
	ProjectSection(SolutionItems) = preProject
		HTMLPage88.html = HTMLPage88.html
	EndProjectSection
EndProject
Project("{2150E333-8FDC-42A3-9474-1A3956D46DE8}") = "Chapter06_스마트폰 레이아웃", "Chapter06_스마트폰 레이아웃", "{477328A4-1D5C-46D7-968C-45BFF7991D9F}"
	ProjectSection(SolutionItems) = preProject
		HTMLPage89.html = HTMLPage89.html
		HTMLPage90.html = HTMLPage90.html
		HTMLPage91.html = HTMLPage91.html
	EndProjectSection
EndProject
Project("{2150E333-8FDC-42A3-9474-1A3956D46DE8}") = "Chapter07_태블릿 PC 레이아웃", "Chapter07_태블릿 PC 레이아웃", "{82738563-850C-494A-893D-DF5DF2F95FF6}"
	ProjectSection(SolutionItems) = preProject
		HTMLPage92.html = HTMLPage92.html
		HTMLPage93.html = HTMLPage93.html
	EndProjectSection
EndProject
Project("{2150E333-8FDC-42A3-9474-1A3956D46DE8}") = "Chapter08_소셜커머스 메인페이지", "Chapter08_소셜커머스 메인페이지", "{3681724C-AA23-4527-86FA-890668498933}"
	ProjectSection(SolutionItems) = preProject
		HTMLPage94.html = HTMLPage94.html
		title.png = title.png
		top_gnb.png = top_gnb.png
		네비게이션1-a지역.png = 네비게이션1-a지역.png
		네비게이션1-a지역c.png = 네비게이션1-a지역c.png
		네비게이션1-b쇼핑.png = 네비게이션1-b쇼핑.png
		네비게이션1-b쇼핑c.png = 네비게이션1-b쇼핑c.png
		네비게이션1-c문화.png = 네비게이션1-c문화.png
		네비게이션1-c문화c.png = 네비게이션1-c문화c.png
		네비게이션1-d여행.png = 네비게이션1-d여행.png
		네비게이션1-d여행c.png = 네비게이션1-d여행c.png
		네비게이션1-e레저.png = 네비게이션1-e레저.png
		네비게이션1-e레저c.png = 네비게이션1-e레저c.png
		네비게이션1-f추천.png = 네비게이션1-f추천.png
		네비게이션1-f추천c.png = 네비게이션1-f추천c.png
		네비게이션1-g전체보기.png = 네비게이션1-g전체보기.png
		네비게이션1-g전체보기c.png = 네비게이션1-g전체보기c.png
		네비게이션2-a스페셜.png = 네비게이션2-a스페셜.png
		네비게이션2-a스페셜c.png = 네비게이션2-a스페셜c.png
		네비게이션2-b의류.png = 네비게이션2-b의류.png
		네비게이션2-b의류c.png = 네비게이션2-b의류c.png
		네비게이션2-c패션잡화.png = 네비게이션2-c패션잡화.png
		네비게이션2-c패션잡화c.png = 네비게이션2-c패션잡화c.png
		네비게이션2-d스포츠레저.png = 네비게이션2-d스포츠레저.png
		네비게이션2-d스포츠레저c.png = 네비게이션2-d스포츠레저c.png
		네비게이션2-e식품.png = 네비게이션2-e식품.png
		네비게이션2-e식품c.png = 네비게이션2-e식품c.png
		네비게이션2-f뷰티.png = 네비게이션2-f뷰티.png
		네비게이션2-f뷰티c.png = 네비게이션2-f뷰티c.png
		네비게이션2-g생활주방.png = 네비게이션2-g생활주방.png
		네비게이션2-g생활주방c.png = 네비게이션2-g생활주방c.png
		네비게이션2-h홈데코취미.png = 네비게이션2-h홈데코취미.png
		네비게이션2-h홈데코취미c.png = 네비게이션2-h홈데코취미c.png
		네비게이션2-i디지털가전.png = 네비게이션2-i디지털가전.png
		네비게이션2-i디지털가전c.png = 네비게이션2-i디지털가전c.png
		네비게이션2-j출산유아동.png = 네비게이션2-j출산유아동.png
		네비게이션2-j출산유아동c.png = 네비게이션2-j출산유아동c.png
		메인로고.png = 메인로고.png
	EndProjectSection
EndProject
Project("{2150E333-8FDC-42A3-9474-1A3956D46DE8}") = "Chapter09_CSS3 변형과 애니메이션", "Chapter09_CSS3 변형과 애니메이션", "{6FBA335D-783E-465F-8D26-BCAE17E3EC4B}"
	ProjectSection(SolutionItems) = preProject
		HTMLPage100.html = HTMLPage100.html
		HTMLPage95.html = HTMLPage95.html
		HTMLPage96.html = HTMLPage96.html
		HTMLPage97.html = HTMLPage97.html
		HTMLPage98.html = HTMLPage98.html
		HTMLPage99.html = HTMLPage99.html
		StyleSheet.css = StyleSheet.css
	EndProjectSection
EndProject
Project("{2150E333-8FDC-42A3-9474-1A3956D46DE8}") = "Chapter10_CSS3 변환", "Chapter10_CSS3 변환", "{7FB467EF-56A1-4C59-8D10-D699E87CD4F1}"
	ProjectSection(SolutionItems) = preProject
		HTMLPage101.html = HTMLPage101.html
		HTMLPage102.html = HTMLPage102.html
		HTMLPage103.html = HTMLPage103.html
		HTMLPage104.html = HTMLPage104.html
		HTMLPage105.html = HTMLPage105.html
	EndProjectSection
EndProject
Project("{2150E333-8FDC-42A3-9474-1A3956D46DE8}") = "Chapter11_CSS3 추가 규칙과 반응형 웹", "Chapter11_CSS3 추가 규칙과 반응형 웹", "{51B24033-15BB-4B8D-9B9B-27355C63D9F8}"
	ProjectSection(SolutionItems) = preProject
		desktop.css = desktop.css
		HTMLPage106.html = HTMLPage106.html
		HTMLPage107.html = HTMLPage107.html
		HTMLPage108.html = HTMLPage108.html
		HTMLPage109.html = HTMLPage109.html
		HTMLPage110ml.html = HTMLPage110ml.html
		HTMLPage111.html = HTMLPage111.html
		print.css = print.css
		StyleSheetA.css = StyleSheetA.css
		StyleSheetB.css = StyleSheetB.css
	EndProjectSection
EndProject
Project("{2150E333-8FDC-42A3-9474-1A3956D46DE8}") = "부록A_인터넷 익스플로어 보완 방법", "부록A_인터넷 익스플로어 보완 방법", "{D69C71B1-F937-48EB-9605-6C714DD6774C}"
	ProjectSection(SolutionItems) = preProject
		HTMLPage490p.html = HTMLPage490p.html
		HTMLPage491p.html = HTMLPage491p.html
		HTMLPage495p.html = HTMLPage495p.html
		HTMLPage497p.html = HTMLPage497p.html
		HTMLPage500p.html = HTMLPage500p.html
	EndProjectSection
EndProject
Project("{2150E333-8FDC-42A3-9474-1A3956D46DE8}") = "부록B_부트스트랩", "부록B_부트스트랩", "{800AAD55-DF3C-4078-80CE-078254B420AE}"
	ProjectSection(SolutionItems) = preProject
		HTMLPage512p.html = HTMLPage512p.html
		HTMLPage517.html = HTMLPage517.html
		HTMLPage518.html = HTMLPage518.html
		HTMLPage520p.html = HTMLPage520p.html
	EndProjectSection
EndProject
Project("{2150E333-8FDC-42A3-9474-1A3956D46DE8}") = "부록C_Less 스타일시트", "부록C_Less 스타일시트", "{F9C72602-FDF2-46B3-8A34-8C5A5C5F1F7B}"
	ProjectSection(SolutionItems) = preProject
		HTMLPage545p.html = HTMLPage545p.html
		HTMLPage549.html = HTMLPage549.html
		LessStyleSheet545.less = LessStyleSheet545.less
		LessStyleSheet549.less = LessStyleSheet549.less
	EndProjectSection
EndProject
Global
	GlobalSection(SolutionProperties) = preSolution
		HideSolutionNode = FALSE
	EndGlobalSection
	GlobalSection(NestedProjects) = preSolution
		{6F7E301B-65E4-492C-B6FF-3FD889034207} = {5DBCA351-2216-42CD-97B5-3A19F8826AB6}
		{89BE7052-2211-41B6-A2DD-E93FDE96B004} = {5DBCA351-2216-42CD-97B5-3A19F8826AB6}
		{C6597F4A-F356-410B-8B9C-0FE965EACD6E} = {5DBCA351-2216-42CD-97B5-3A19F8826AB6}
		{17DD2581-DD66-420E-AEF7-44666B862F21} = {5DBCA351-2216-42CD-97B5-3A19F8826AB6}
		{477328A4-1D5C-46D7-968C-45BFF7991D9F} = {5DBCA351-2216-42CD-97B5-3A19F8826AB6}
		{82738563-850C-494A-893D-DF5DF2F95FF6} = {5DBCA351-2216-42CD-97B5-3A19F8826AB6}
		{3681724C-AA23-4527-86FA-890668498933} = {5DBCA351-2216-42CD-97B5-3A19F8826AB6}
		{6FBA335D-783E-465F-8D26-BCAE17E3EC4B} = {5DBCA351-2216-42CD-97B5-3A19F8826AB6}
		{7FB467EF-56A1-4C59-8D10-D699E87CD4F1} = {5DBCA351-2216-42CD-97B5-3A19F8826AB6}
		{51B24033-15BB-4B8D-9B9B-27355C63D9F8} = {5DBCA351-2216-42CD-97B5-3A19F8826AB6}
		{D69C71B1-F937-48EB-9605-6C714DD6774C} = {5DBCA351-2216-42CD-97B5-3A19F8826AB6}
		{800AAD55-DF3C-4078-80CE-078254B420AE} = {5DBCA351-2216-42CD-97B5-3A19F8826AB6}
		{F9C72602-FDF2-46B3-8A34-8C5A5C5F1F7B} = {5DBCA351-2216-42CD-97B5-3A19F8826AB6}
	EndGlobalSection
	GlobalSection(ExtensibilityGlobals) = postSolution
		SolutionGuid = {0085A9D4-5269-4022-93C9-355C07E507B3}
	EndGlobalSection
EndGlobal
